
Microsoft Visual Studio Solution File, Format Version 12.00
# Visual Studio Version 17
VisualStudioVersion = 17.2.32630.192
MinimumVisualStudioVersion = 10.0.40219.1
Project("{54A90642-561A-4BB1-A94E-469ADEE60C69}") = "reactproject1", "reactproject1\reactproject1.esproj", "{7C4EE6FA-B4EF-4920-995A-3586FA011C9D}"
EndProject
Global
	GlobalSection(SolutionConfigurationPlatforms) = preSolution
		Debug|Any CPU = Debug|Any CPU
		Release|Any CPU = Release|Any CPU
	EndGlobalSection
	GlobalSection(ProjectConfigurationPlatforms) = postSolution
		{7C4EE6FA-B4EF-4920-995A-3586FA011C9D}.Debug|Any CPU.ActiveCfg = Debug|Any CPU
		{7C4EE6FA-B4EF-4920-995A-3586FA011C9D}.Debug|Any CPU.Build.0 = Debug|Any CPU
		{7C4EE6FA-B4EF-4920-995A-3586FA011C9D}.Debug|Any CPU.Deploy.0 = Debug|Any CPU
		{7C4EE6FA-B4EF-4920-995A-3586FA011C9D}.Release|Any CPU.ActiveCfg = Release|Any CPU
		{7C4EE6FA-B4EF-4920-995A-3586FA011C9D}.Release|Any CPU.Build.0 = Release|Any CPU
		{7C4EE6FA-B4EF-4920-995A-3586FA011C9D}.Release|Any CPU.Deploy.0 = Release|Any CPU
	EndGlobalSection
	GlobalSection(SolutionProperties) = preSolution
		HideSolutionNode = FALSE
	EndGlobalSection
	GlobalSection(ExtensibilityGlobals) = postSolution
		SolutionGuid = {B1A7B244-7C83-46F2-B831-D2AAA8D9B3FA}
	EndGlobalSection
EndGlobal
